
Microsoft Visual Studio Solution File, Format Version 12.00
# Visual Studio Version 17
VisualStudioVersion = 17.9.34902.65
MinimumVisualStudioVersion = 10.0.40219.1
Project("{9A19103F-16F7-4668-BE54-9A1E7A4F7556}") = "standa_controller_software", "standa_controller_software\standa_controller_software.csproj", "{6F6FB392-B086-4E4A-AB8E-EDD715B06FE1}"
EndProject
Project("{9A19103F-16F7-4668-BE54-9A1E7A4F7556}") = "standa_control_software_WPF", "standa_control_software_WPF\standa_control_software_WPF.csproj", "{A586FF4C-7F1C-4A05-9734-B6816086D554}"
EndProject
Project("{9A19103F-16F7-4668-BE54-9A1E7A4F7556}") = "text_parser_library", "text_parser_library\text_parser_library.csproj", "{09159A64-DF3E-481C-9CA0-4E7F44B81DF8}"
EndProject
Project("{9A19103F-16F7-4668-BE54-9A1E7A4F7556}") = "NUnit_tests", "NUnit_tests\NUnit_tests.csproj", "{F2436B2C-0F1E-4D6F-A5E7-3E9C31A675F6}"
EndProject
Project("{9A19103F-16F7-4668-BE54-9A1E7A4F7556}") = "opentk_painter_library", "openTK_painter\opentk_painter_library.csproj", "{CBAC08DA-40C1-425C-8B8A-FD441E77F11C}"
EndProject
Project("{FAE04EC0-301F-11D3-BF4B-00C04F79EFBC}") = "ConsoleApplication_For_Tests", "ConsoleApplication_For_Tests\ConsoleApplication_For_Tests.csproj", "{DB34E68B-118C-4DB2-BA40-CF8571E6C338}"
EndProject
Global
	GlobalSection(SolutionConfigurationPlatforms) = preSolution
		Debug|Any CPU = Debug|Any CPU
		Release|Any CPU = Release|Any CPU
	EndGlobalSection
	GlobalSection(ProjectConfigurationPlatforms) = postSolution
		{6F6FB392-B086-4E4A-AB8E-EDD715B06FE1}.Debug|Any CPU.ActiveCfg = Debug|Any CPU
		{6F6FB392-B086-4E4A-AB8E-EDD715B06FE1}.Debug|Any CPU.Build.0 = Debug|Any CPU
		{6F6FB392-B086-4E4A-AB8E-EDD715B06FE1}.Release|Any CPU.ActiveCfg = Release|Any CPU
		{6F6FB392-B086-4E4A-AB8E-EDD715B06FE1}.Release|Any CPU.Build.0 = Release|Any CPU
		{A586FF4C-7F1C-4A05-9734-B6816086D554}.Debug|Any CPU.ActiveCfg = Debug|Any CPU
		{A586FF4C-7F1C-4A05-9734-B6816086D554}.Debug|Any CPU.Build.0 = Debug|Any CPU
		{A586FF4C-7F1C-4A05-9734-B6816086D554}.Release|Any CPU.ActiveCfg = Release|Any CPU
		{A586FF4C-7F1C-4A05-9734-B6816086D554}.Release|Any CPU.Build.0 = Release|Any CPU
		{09159A64-DF3E-481C-9CA0-4E7F44B81DF8}.Debug|Any CPU.ActiveCfg = Debug|Any CPU
		{09159A64-DF3E-481C-9CA0-4E7F44B81DF8}.Debug|Any CPU.Build.0 = Debug|Any CPU
		{09159A64-DF3E-481C-9CA0-4E7F44B81DF8}.Release|Any CPU.ActiveCfg = Release|Any CPU
		{09159A64-DF3E-481C-9CA0-4E7F44B81DF8}.Release|Any CPU.Build.0 = Release|Any CPU
		{F2436B2C-0F1E-4D6F-A5E7-3E9C31A675F6}.Debug|Any CPU.ActiveCfg = Debug|Any CPU
		{F2436B2C-0F1E-4D6F-A5E7-3E9C31A675F6}.Debug|Any CPU.Build.0 = Debug|Any CPU
		{F2436B2C-0F1E-4D6F-A5E7-3E9C31A675F6}.Release|Any CPU.ActiveCfg = Release|Any CPU
		{F2436B2C-0F1E-4D6F-A5E7-3E9C31A675F6}.Release|Any CPU.Build.0 = Release|Any CPU
		{CBAC08DA-40C1-425C-8B8A-FD441E77F11C}.Debug|Any CPU.ActiveCfg = Debug|Any CPU
		{CBAC08DA-40C1-425C-8B8A-FD441E77F11C}.Debug|Any CPU.Build.0 = Debug|Any CPU
		{CBAC08DA-40C1-425C-8B8A-FD441E77F11C}.Release|Any CPU.ActiveCfg = Release|Any CPU
		{CBAC08DA-40C1-425C-8B8A-FD441E77F11C}.Release|Any CPU.Build.0 = Release|Any CPU
		{DB34E68B-118C-4DB2-BA40-CF8571E6C338}.Debug|Any CPU.ActiveCfg = Debug|Any CPU
		{DB34E68B-118C-4DB2-BA40-CF8571E6C338}.Debug|Any CPU.Build.0 = Debug|Any CPU
		{DB34E68B-118C-4DB2-BA40-CF8571E6C338}.Release|Any CPU.ActiveCfg = Release|Any CPU
		{DB34E68B-118C-4DB2-BA40-CF8571E6C338}.Release|Any CPU.Build.0 = Release|Any CPU
	EndGlobalSection
	GlobalSection(SolutionProperties) = preSolution
		HideSolutionNode = FALSE
	EndGlobalSection
	GlobalSection(ExtensibilityGlobals) = postSolution
		SolutionGuid = {81CBAE78-50A4-4783-BBCB-3A55A17FCA83}
	EndGlobalSection
EndGlobal
